{
  "version": 4,
  "terraform_version": "1.9.8",
  "serial": 12,
  "lineage": "f80b377f-a0f1-8390-ea04-19aa7ee3aa66",
  "outputs": {},
  "resources": [
    {
      "mode": "managed",
      "type": "spotify_playlist",
      "name": "Tplay1",
      "provider": "provider[\"registry.terraform.io/conradludgate/spotify\"]",
      "instances": [
        {
          "schema_version": 0,
          "attributes": {
            "description": "",
            "id": "7gMHOR3OpjzksfpC3Yh12c",
            "name": "Tplay1",
            "public": true,
            "snapshot_id": "AAAAApTEtnjxgS7ZYxD1WYYEQRWEtHjS",
            "tracks": [
              "2mb6QJdT8t55M9Qzpkb5sa"
            ]
          },
          "sensitive_attributes": [],
          "private": "bnVsbA=="
        }
      ]
    }
  ],
  "check_results": null
}
